
Microsoft Visual Studio Solution File, Format Version 12.00
# Visual Studio Version 17
VisualStudioVersion = 17.9.34616.47
MinimumVisualStudioVersion = 10.0.40219.1
Project("{8BC9CEB8-8B4A-11D0-8D11-00A0C91BC942}") = "0155_Double_Link_List", "0155_Double_Link_List\0155_Double_Link_List.vcxproj", "{6E85013D-DEC4-433B-BC0F-F03486DE1380}"
EndProject
Global
	GlobalSection(SolutionConfigurationPlatforms) = preSolution
		Debug|x64 = Debug|x64
		Debug|x86 = Debug|x86
		Release|x64 = Release|x64
		Release|x86 = Release|x86
	EndGlobalSection
	GlobalSection(ProjectConfigurationPlatforms) = postSolution
		{6E85013D-DEC4-433B-BC0F-F03486DE1380}.Debug|x64.ActiveCfg = Debug|x64
		{6E85013D-DEC4-433B-BC0F-F03486DE1380}.Debug|x64.Build.0 = Debug|x64
		{6E85013D-DEC4-433B-BC0F-F03486DE1380}.Debug|x86.ActiveCfg = Debug|Win32
		{6E85013D-DEC4-433B-BC0F-F03486DE1380}.Debug|x86.Build.0 = Debug|Win32
		{6E85013D-DEC4-433B-BC0F-F03486DE1380}.Release|x64.ActiveCfg = Release|x64
		{6E85013D-DEC4-433B-BC0F-F03486DE1380}.Release|x64.Build.0 = Release|x64
		{6E85013D-DEC4-433B-BC0F-F03486DE1380}.Release|x86.ActiveCfg = Release|Win32
		{6E85013D-DEC4-433B-BC0F-F03486DE1380}.Release|x86.Build.0 = Release|Win32
	EndGlobalSection
	GlobalSection(SolutionProperties) = preSolution
		HideSolutionNode = FALSE
	EndGlobalSection
	GlobalSection(ExtensibilityGlobals) = postSolution
		SolutionGuid = {4303C021-1E6E-4DE0-9119-66AA0FF90CDA}
	EndGlobalSection
EndGlobal
